
Microsoft Visual Studio Solution File, Format Version 12.00
# Visual Studio Version 16
VisualStudioVersion = 16.0.29102.190
MinimumVisualStudioVersion = 10.0.40219.1
Project("{9A19103F-16F7-4668-BE54-9A1E7A4F7556}") = "Observer", "Observer\Observer.csproj", "{3415F55A-CABC-4B80-83BA-8D11D2632917}"
EndProject
Project("{9A19103F-16F7-4668-BE54-9A1E7A4F7556}") = "Decorator", "Decorator\Decorator.csproj", "{FEB9C09B-5A4E-4E3F-9B3C-10D40F74E400}"
EndProject
Project("{9A19103F-16F7-4668-BE54-9A1E7A4F7556}") = "Factory", "Factory\Factory.csproj", "{B8798EEE-2635-4BEC-8CD3-68C159DE5541}"
EndProject
Project("{9A19103F-16F7-4668-BE54-9A1E7A4F7556}") = "Singleton", "Singleton\Singleton.csproj", "{831E726D-58D2-4F33-A8F8-67906C955EC6}"
EndProject
Project("{9A19103F-16F7-4668-BE54-9A1E7A4F7556}") = "Estrategia", "Estrategia\Estrategia.csproj", "{7012723D-D238-4C78-B9F8-059576A11701}"
EndProject
Project("{9A19103F-16F7-4668-BE54-9A1E7A4F7556}") = "Command", "Command\Command.csproj", "{59D0876A-3721-48A2-B665-D1C9C57F542C}"
EndProject
Project("{9A19103F-16F7-4668-BE54-9A1E7A4F7556}") = "Builder", "Builder\Builder.csproj", "{65AC9BD2-CDBA-4DA9-8FD1-8BC0FDEB9FCA}"
EndProject
Project("{9A19103F-16F7-4668-BE54-9A1E7A4F7556}") = "Adapter", "Adapter\Adapter.csproj", "{FCEBA43D-802F-4E09-9A32-179B308FA728}"
EndProject
Project("{9A19103F-16F7-4668-BE54-9A1E7A4F7556}") = "Gabarito", "Gabarito\Gabarito.csproj", "{AB06FBB4-2E69-4128-9E12-5FEFB114B379}"
EndProject
Project("{9A19103F-16F7-4668-BE54-9A1E7A4F7556}") = "InteratorComposto", "Collection\InteratorComposto.csproj", "{2D385AA7-9CBD-49EC-8399-166E270D8370}"
EndProject
Global
	GlobalSection(SolutionConfigurationPlatforms) = preSolution
		Debug|Any CPU = Debug|Any CPU
		Release|Any CPU = Release|Any CPU
	EndGlobalSection
	GlobalSection(ProjectConfigurationPlatforms) = postSolution
		{3415F55A-CABC-4B80-83BA-8D11D2632917}.Debug|Any CPU.ActiveCfg = Debug|Any CPU
		{3415F55A-CABC-4B80-83BA-8D11D2632917}.Debug|Any CPU.Build.0 = Debug|Any CPU
		{3415F55A-CABC-4B80-83BA-8D11D2632917}.Release|Any CPU.ActiveCfg = Release|Any CPU
		{3415F55A-CABC-4B80-83BA-8D11D2632917}.Release|Any CPU.Build.0 = Release|Any CPU
		{FEB9C09B-5A4E-4E3F-9B3C-10D40F74E400}.Debug|Any CPU.ActiveCfg = Debug|Any CPU
		{FEB9C09B-5A4E-4E3F-9B3C-10D40F74E400}.Debug|Any CPU.Build.0 = Debug|Any CPU
		{FEB9C09B-5A4E-4E3F-9B3C-10D40F74E400}.Release|Any CPU.ActiveCfg = Release|Any CPU
		{FEB9C09B-5A4E-4E3F-9B3C-10D40F74E400}.Release|Any CPU.Build.0 = Release|Any CPU
		{B8798EEE-2635-4BEC-8CD3-68C159DE5541}.Debug|Any CPU.ActiveCfg = Debug|Any CPU
		{B8798EEE-2635-4BEC-8CD3-68C159DE5541}.Debug|Any CPU.Build.0 = Debug|Any CPU
		{B8798EEE-2635-4BEC-8CD3-68C159DE5541}.Release|Any CPU.ActiveCfg = Release|Any CPU
		{B8798EEE-2635-4BEC-8CD3-68C159DE5541}.Release|Any CPU.Build.0 = Release|Any CPU
		{831E726D-58D2-4F33-A8F8-67906C955EC6}.Debug|Any CPU.ActiveCfg = Debug|Any CPU
		{831E726D-58D2-4F33-A8F8-67906C955EC6}.Debug|Any CPU.Build.0 = Debug|Any CPU
		{831E726D-58D2-4F33-A8F8-67906C955EC6}.Release|Any CPU.ActiveCfg = Release|Any CPU
		{831E726D-58D2-4F33-A8F8-67906C955EC6}.Release|Any CPU.Build.0 = Release|Any CPU
		{7012723D-D238-4C78-B9F8-059576A11701}.Debug|Any CPU.ActiveCfg = Debug|Any CPU
		{7012723D-D238-4C78-B9F8-059576A11701}.Debug|Any CPU.Build.0 = Debug|Any CPU
		{7012723D-D238-4C78-B9F8-059576A11701}.Release|Any CPU.ActiveCfg = Release|Any CPU
		{7012723D-D238-4C78-B9F8-059576A11701}.Release|Any CPU.Build.0 = Release|Any CPU
		{59D0876A-3721-48A2-B665-D1C9C57F542C}.Debug|Any CPU.ActiveCfg = Debug|Any CPU
		{59D0876A-3721-48A2-B665-D1C9C57F542C}.Debug|Any CPU.Build.0 = Debug|Any CPU
		{59D0876A-3721-48A2-B665-D1C9C57F542C}.Release|Any CPU.ActiveCfg = Release|Any CPU
		{59D0876A-3721-48A2-B665-D1C9C57F542C}.Release|Any CPU.Build.0 = Release|Any CPU
		{65AC9BD2-CDBA-4DA9-8FD1-8BC0FDEB9FCA}.Debug|Any CPU.ActiveCfg = Debug|Any CPU
		{65AC9BD2-CDBA-4DA9-8FD1-8BC0FDEB9FCA}.Debug|Any CPU.Build.0 = Debug|Any CPU
		{65AC9BD2-CDBA-4DA9-8FD1-8BC0FDEB9FCA}.Release|Any CPU.ActiveCfg = Release|Any CPU
		{65AC9BD2-CDBA-4DA9-8FD1-8BC0FDEB9FCA}.Release|Any CPU.Build.0 = Release|Any CPU
		{FCEBA43D-802F-4E09-9A32-179B308FA728}.Debug|Any CPU.ActiveCfg = Debug|Any CPU
		{FCEBA43D-802F-4E09-9A32-179B308FA728}.Debug|Any CPU.Build.0 = Debug|Any CPU
		{FCEBA43D-802F-4E09-9A32-179B308FA728}.Release|Any CPU.ActiveCfg = Release|Any CPU
		{FCEBA43D-802F-4E09-9A32-179B308FA728}.Release|Any CPU.Build.0 = Release|Any CPU
		{AB06FBB4-2E69-4128-9E12-5FEFB114B379}.Debug|Any CPU.ActiveCfg = Debug|Any CPU
		{AB06FBB4-2E69-4128-9E12-5FEFB114B379}.Debug|Any CPU.Build.0 = Debug|Any CPU
		{AB06FBB4-2E69-4128-9E12-5FEFB114B379}.Release|Any CPU.ActiveCfg = Release|Any CPU
		{AB06FBB4-2E69-4128-9E12-5FEFB114B379}.Release|Any CPU.Build.0 = Release|Any CPU
		{2D385AA7-9CBD-49EC-8399-166E270D8370}.Debug|Any CPU.ActiveCfg = Debug|Any CPU
		{2D385AA7-9CBD-49EC-8399-166E270D8370}.Debug|Any CPU.Build.0 = Debug|Any CPU
		{2D385AA7-9CBD-49EC-8399-166E270D8370}.Release|Any CPU.ActiveCfg = Release|Any CPU
		{2D385AA7-9CBD-49EC-8399-166E270D8370}.Release|Any CPU.Build.0 = Release|Any CPU
	EndGlobalSection
	GlobalSection(SolutionProperties) = preSolution
		HideSolutionNode = FALSE
	EndGlobalSection
	GlobalSection(ExtensibilityGlobals) = postSolution
		SolutionGuid = {219F96AA-0DAC-4ACC-873F-7F6D9AA2E817}
	EndGlobalSection
EndGlobal
